{
  "lockfile_version": "1",
  "packages": {
    "cue@0.12.0": {
      "last_modified": "2025-02-23T09:42:26Z",
      "resolved": "github:NixOS/nixpkgs/2d068ae5c6516b2d04562de50a58c682540de9bf#cue",
      "source": "devbox-search",
      "version": "0.12.0",
      "systems": {
        "aarch64-darwin": {
          "outputs": [
            {
              "name": "out",
              "path": "/nix/store/wnjwc2ijz4pxdmgmiivwbzz1jx11ds77-cue-0.12.0",
              "default": true
            }
          ],
          "store_path": "/nix/store/wnjwc2ijz4pxdmgmiivwbzz1jx11ds77-cue-0.12.0"
        },
        "aarch64-linux": {
          "outputs": [
            {
              "name": "out",
              "path": "/nix/store/xzfwnb8pfk26zp2d6b4hmann9awfbvsb-cue-0.12.0",
              "default": true
            }
          ],
          "store_path": "/nix/store/xzfwnb8pfk26zp2d6b4hmann9awfbvsb-cue-0.12.0"
        },
        "x86_64-darwin": {
          "outputs": [
            {
              "name": "out",
              "path": "/nix/store/3pf70s43qya9spm992ggyb3mk59kvchc-cue-0.12.0",
              "default": true
            }
          ],
          "store_path": "/nix/store/3pf70s43qya9spm992ggyb3mk59kvchc-cue-0.12.0"
        },
        "x86_64-linux": {
          "outputs": [
            {
              "name": "out",
              "path": "/nix/store/a2rkwq4bv89abmvndlz2ly3r0w6gq170-cue-0.12.0",
              "default": true
            }
          ],
          "store_path": "/nix/store/a2rkwq4bv89abmvndlz2ly3r0w6gq170-cue-0.12.0"
        }
      }
    },
    "kcl@0.11.1": {
      "last_modified": "2025-03-13T11:38:39Z",
      "resolved": "github:NixOS/nixpkgs/573c650e8a14b2faa0041645ab18aed7e60f0c9a#kcl",
      "source": "devbox-search",
      "version": "0.11.1",
      "systems": {
        "aarch64-darwin": {
          "outputs": [
            {
              "name": "out",
              "path": "/nix/store/q4ckkxzfbsma31k465zw73kkk843yn4q-kcl-0.11.1",
              "default": true
            }
          ],
          "store_path": "/nix/store/q4ckkxzfbsma31k465zw73kkk843yn4q-kcl-0.11.1"
        },
        "aarch64-linux": {
          "outputs": [
            {
              "name": "out",
              "path": "/nix/store/k0nn9nplyxw59i51kxj12rjqrwhiv1i3-kcl-0.11.1",
              "default": true
            }
          ],
          "store_path": "/nix/store/k0nn9nplyxw59i51kxj12rjqrwhiv1i3-kcl-0.11.1"
        },
        "x86_64-darwin": {
          "outputs": [
            {
              "name": "out",
              "path": "/nix/store/91fjw0rg46d9xdh050cbhk7lx9ky7fbh-kcl-0.11.1",
              "default": true
            }
          ],
          "store_path": "/nix/store/91fjw0rg46d9xdh050cbhk7lx9ky7fbh-kcl-0.11.1"
        },
        "x86_64-linux": {
          "outputs": [
            {
              "name": "out",
              "path": "/nix/store/xvnwpz439gjxdjl8gpdc26zqybca20jc-kcl-0.11.1",
              "default": true
            }
          ],
          "store_path": "/nix/store/xvnwpz439gjxdjl8gpdc26zqybca20jc-kcl-0.11.1"
        }
      }
    }
  }
}
